
Microsoft Visual Studio Solution File, Format Version 12.00
# Visual Studio Version 16
VisualStudioVersion = 16.0.33214.272
MinimumVisualStudioVersion = 10.0.40219.1
Project("{8BC9CEB8-8B4A-11D0-8D11-00A0C91BC942}") = "console", "console\console.vcxproj", "{9188E80D-F322-4070-9304-EA5BCE8B536E}"
EndProject
Project("{8BC9CEB8-8B4A-11D0-8D11-00A0C91BC942}") = "interop", "interop\interop.vcxproj", "{03206870-3814-4926-8B31-072A95E2961D}"
EndProject
Project("{FAE04EC0-301F-11D3-BF4B-00C04F79EFBC}") = "NetClassLibrary", "NetClassLibrary\NetClassLibrary.csproj", "{44B1F7A9-5288-4A1E-B9C5-F8BDDF69FC0F}"
EndProject
Global
	GlobalSection(SolutionConfigurationPlatforms) = preSolution
		Debug|Any CPU = Debug|Any CPU
		Debug|x64 = Debug|x64
		Debug|x86 = Debug|x86
		Release|Any CPU = Release|Any CPU
		Release|x64 = Release|x64
		Release|x86 = Release|x86
	EndGlobalSection
	GlobalSection(ProjectConfigurationPlatforms) = postSolution
		{9188E80D-F322-4070-9304-EA5BCE8B536E}.Debug|Any CPU.ActiveCfg = Debug|Win32
		{9188E80D-F322-4070-9304-EA5BCE8B536E}.Debug|x64.ActiveCfg = Debug|x64
		{9188E80D-F322-4070-9304-EA5BCE8B536E}.Debug|x64.Build.0 = Debug|x64
		{9188E80D-F322-4070-9304-EA5BCE8B536E}.Debug|x86.ActiveCfg = Debug|Win32
		{9188E80D-F322-4070-9304-EA5BCE8B536E}.Debug|x86.Build.0 = Debug|Win32
		{9188E80D-F322-4070-9304-EA5BCE8B536E}.Release|Any CPU.ActiveCfg = Release|Win32
		{9188E80D-F322-4070-9304-EA5BCE8B536E}.Release|x64.ActiveCfg = Release|x64
		{9188E80D-F322-4070-9304-EA5BCE8B536E}.Release|x64.Build.0 = Release|x64
		{9188E80D-F322-4070-9304-EA5BCE8B536E}.Release|x86.ActiveCfg = Release|Win32
		{9188E80D-F322-4070-9304-EA5BCE8B536E}.Release|x86.Build.0 = Release|Win32
		{03206870-3814-4926-8B31-072A95E2961D}.Debug|Any CPU.ActiveCfg = Debug|Win32
		{03206870-3814-4926-8B31-072A95E2961D}.Debug|x64.ActiveCfg = Debug|x64
		{03206870-3814-4926-8B31-072A95E2961D}.Debug|x64.Build.0 = Debug|x64
		{03206870-3814-4926-8B31-072A95E2961D}.Debug|x86.ActiveCfg = Debug|Win32
		{03206870-3814-4926-8B31-072A95E2961D}.Debug|x86.Build.0 = Debug|Win32
		{03206870-3814-4926-8B31-072A95E2961D}.Release|Any CPU.ActiveCfg = Release|Win32
		{03206870-3814-4926-8B31-072A95E2961D}.Release|x64.ActiveCfg = Release|x64
		{03206870-3814-4926-8B31-072A95E2961D}.Release|x64.Build.0 = Release|x64
		{03206870-3814-4926-8B31-072A95E2961D}.Release|x86.ActiveCfg = Release|Win32
		{03206870-3814-4926-8B31-072A95E2961D}.Release|x86.Build.0 = Release|Win32
		{44B1F7A9-5288-4A1E-B9C5-F8BDDF69FC0F}.Debug|Any CPU.ActiveCfg = Debug|Any CPU
		{44B1F7A9-5288-4A1E-B9C5-F8BDDF69FC0F}.Debug|Any CPU.Build.0 = Debug|Any CPU
		{44B1F7A9-5288-4A1E-B9C5-F8BDDF69FC0F}.Debug|x64.ActiveCfg = Debug|Any CPU
		{44B1F7A9-5288-4A1E-B9C5-F8BDDF69FC0F}.Debug|x64.Build.0 = Debug|Any CPU
		{44B1F7A9-5288-4A1E-B9C5-F8BDDF69FC0F}.Debug|x86.ActiveCfg = Debug|Any CPU
		{44B1F7A9-5288-4A1E-B9C5-F8BDDF69FC0F}.Debug|x86.Build.0 = Debug|Any CPU
		{44B1F7A9-5288-4A1E-B9C5-F8BDDF69FC0F}.Release|Any CPU.ActiveCfg = Release|Any CPU
		{44B1F7A9-5288-4A1E-B9C5-F8BDDF69FC0F}.Release|Any CPU.Build.0 = Release|Any CPU
		{44B1F7A9-5288-4A1E-B9C5-F8BDDF69FC0F}.Release|x64.ActiveCfg = Release|Any CPU
		{44B1F7A9-5288-4A1E-B9C5-F8BDDF69FC0F}.Release|x64.Build.0 = Release|Any CPU
		{44B1F7A9-5288-4A1E-B9C5-F8BDDF69FC0F}.Release|x86.ActiveCfg = Release|Any CPU
		{44B1F7A9-5288-4A1E-B9C5-F8BDDF69FC0F}.Release|x86.Build.0 = Release|Any CPU
	EndGlobalSection
	GlobalSection(SolutionProperties) = preSolution
		HideSolutionNode = FALSE
	EndGlobalSection
	GlobalSection(ExtensibilityGlobals) = postSolution
		SolutionGuid = {77DA01CC-CC0F-4CFF-833F-7EB20BE86754}
	EndGlobalSection
EndGlobal
